# This is a Gradle generated file for dependency locking.
# Manual edits can break the build and are not advised.
# This file is expected to be part of source control.
ch.qos.logback:logback-classic:1.5.18=compileClasspath,implementationDependenciesMetadata,productionRuntimeClasspath,runtimeClasspath,testCompileClasspath,testImplementationDependenciesMetadata,testRuntimeClasspath
ch.qos.logback:logback-core:1.5.18=compileClasspath,implementationDependenciesMetadata,productionRuntimeClasspath,runtimeClasspath,testCompileClasspath,testImplementationDependenciesMetadata,testRuntimeClasspath
io.github.java-diff-utils:java-diff-utils:4.12=kotlinInternalAbiValidation
io.micrometer:micrometer-commons:1.12.12=compileClasspath,implementationDependenciesMetadata,productionRuntimeClasspath,runtimeClasspath,testCompileClasspath,testImplementationDependenciesMetadata,testRuntimeClasspath
io.micrometer:micrometer-observation:1.12.12=compileClasspath,implementationDependenciesMetadata,productionRuntimeClasspath,runtimeClasspath,testCompileClasspath,testImplementationDependenciesMetadata,testRuntimeClasspath
jakarta.annotation:jakarta.annotation-api:2.1.1=compileClasspath,implementationDependenciesMetadata,productionRuntimeClasspath,runtimeClasspath,testCompileClasspath,testImplementationDependenciesMetadata,testRuntimeClasspath
org.apache.logging.log4j:log4j-api:2.23.1=compileClasspath,implementationDependenciesMetadata,productionRuntimeClasspath,runtimeClasspath,testCompileClasspath,testImplementationDependenciesMetadata,testRuntimeClasspath
org.apache.logging.log4j:log4j-to-slf4j:2.23.1=compileClasspath,implementationDependenciesMetadata,productionRuntimeClasspath,runtimeClasspath,testCompileClasspath,testImplementationDependenciesMetadata,testRuntimeClasspath
org.jetbrains.intellij.deps:trove4j:1.0.20200330=kotlinBuildToolsApiClasspath,kotlinCompilerClasspath,kotlinKlibCommonizerClasspath
org.jetbrains.kotlin:abi-tools-api:2.2.0=kotlinInternalAbiValidation
org.jetbrains.kotlin:abi-tools:2.2.0=kotlinInternalAbiValidation
org.jetbrains.kotlin:kotlin-build-common:2.1.0=kotlinBuildToolsApiClasspath
org.jetbrains.kotlin:kotlin-build-tools-api:2.1.0=kotlinBuildToolsApiClasspath
org.jetbrains.kotlin:kotlin-build-tools-impl:2.1.0=kotlinBuildToolsApiClasspath
org.jetbrains.kotlin:kotlin-compiler-embeddable:2.1.0=kotlinBuildToolsApiClasspath,kotlinCompilerClasspath,kotlinKlibCommonizerClasspath
org.jetbrains.kotlin:kotlin-compiler-embeddable:2.2.0=kotlinInternalAbiValidation
org.jetbrains.kotlin:kotlin-compiler-runner:2.1.0=kotlinBuildToolsApiClasspath
org.jetbrains.kotlin:kotlin-daemon-client:2.1.0=kotlinBuildToolsApiClasspath
org.jetbrains.kotlin:kotlin-daemon-embeddable:2.1.0=kotlinBuildToolsApiClasspath,kotlinCompilerClasspath,kotlinKlibCommonizerClasspath
org.jetbrains.kotlin:kotlin-daemon-embeddable:2.2.0=kotlinInternalAbiValidation
org.jetbrains.kotlin:kotlin-klib-commonizer-embeddable:2.1.0=kotlinKlibCommonizerClasspath
org.jetbrains.kotlin:kotlin-metadata-jvm:2.2.0=kotlinInternalAbiValidation
org.jetbrains.kotlin:kotlin-reflect:1.6.10=kotlinBuildToolsApiClasspath,kotlinCompilerClasspath,kotlinInternalAbiValidation,kotlinKlibCommonizerClasspath
org.jetbrains.kotlin:kotlin-script-runtime:2.1.0=kotlinBuildToolsApiClasspath,kotlinCompilerClasspath,kotlinCompilerPluginClasspathMain,kotlinCompilerPluginClasspathTest,kotlinKlibCommonizerClasspath
org.jetbrains.kotlin:kotlin-script-runtime:2.2.0=kotlinInternalAbiValidation
org.jetbrains.kotlin:kotlin-scripting-common:2.1.0=kotlinBuildToolsApiClasspath,kotlinCompilerPluginClasspathMain,kotlinCompilerPluginClasspathTest
org.jetbrains.kotlin:kotlin-scripting-compiler-embeddable:2.1.0=kotlinBuildToolsApiClasspath,kotlinCompilerPluginClasspathMain,kotlinCompilerPluginClasspathTest
org.jetbrains.kotlin:kotlin-scripting-compiler-impl-embeddable:2.1.0=kotlinBuildToolsApiClasspath,kotlinCompilerPluginClasspathMain,kotlinCompilerPluginClasspathTest
org.jetbrains.kotlin:kotlin-scripting-jvm:2.1.0=kotlinBuildToolsApiClasspath,kotlinCompilerPluginClasspathMain,kotlinCompilerPluginClasspathTest
org.jetbrains.kotlin:kotlin-stdlib:2.1.0=apiDependenciesMetadata,compileClasspath,implementationDependenciesMetadata,kotlinBuildToolsApiClasspath,kotlinCompilerClasspath,kotlinCompilerPluginClasspathMain,kotlinCompilerPluginClasspathTest,kotlinKlibCommonizerClasspath,productionRuntimeClasspath,runtimeClasspath,testCompileClasspath,testImplementationDependenciesMetadata,testRuntimeClasspath
org.jetbrains.kotlin:kotlin-stdlib:2.2.0=kotlinInternalAbiValidation
org.jetbrains.kotlinx:kotlinx-coroutines-core-jvm:1.6.4=kotlinBuildToolsApiClasspath,kotlinCompilerClasspath,kotlinKlibCommonizerClasspath
org.jetbrains.kotlinx:kotlinx-coroutines-core-jvm:1.8.0=kotlinInternalAbiValidation
org.jetbrains:annotations:13.0=compileClasspath,kotlinBuildToolsApiClasspath,kotlinCompilerClasspath,kotlinCompilerPluginClasspathMain,kotlinCompilerPluginClasspathTest,kotlinInternalAbiValidation,kotlinKlibCommonizerClasspath,productionRuntimeClasspath,runtimeClasspath,testCompileClasspath,testRuntimeClasspath
org.slf4j:jul-to-slf4j:2.0.17=compileClasspath,implementationDependenciesMetadata,productionRuntimeClasspath,runtimeClasspath,testCompileClasspath,testImplementationDependenciesMetadata,testRuntimeClasspath
org.slf4j:slf4j-api:2.0.17=compileClasspath,implementationDependenciesMetadata,productionRuntimeClasspath,runtimeClasspath,testCompileClasspath,testImplementationDependenciesMetadata,testRuntimeClasspath
org.springframework.boot:spring-boot-autoconfigure:3.3.13=compileClasspath,implementationDependenciesMetadata,productionRuntimeClasspath,runtimeClasspath,testCompileClasspath,testImplementationDependenciesMetadata,testRuntimeClasspath
org.springframework.boot:spring-boot-starter-logging:3.3.13=compileClasspath,implementationDependenciesMetadata,productionRuntimeClasspath,runtimeClasspath,testCompileClasspath,testImplementationDependenciesMetadata,testRuntimeClasspath
org.springframework.boot:spring-boot-starter:3.3.13=compileClasspath,implementationDependenciesMetadata,productionRuntimeClasspath,runtimeClasspath,testCompileClasspath,testImplementationDependenciesMetadata,testRuntimeClasspath
org.springframework.boot:spring-boot:3.3.13=compileClasspath,implementationDependenciesMetadata,productionRuntimeClasspath,runtimeClasspath,testCompileClasspath,testImplementationDependenciesMetadata,testRuntimeClasspath
org.springframework:spring-aop:6.1.21=compileClasspath,implementationDependenciesMetadata,productionRuntimeClasspath,runtimeClasspath,testCompileClasspath,testImplementationDependenciesMetadata,testRuntimeClasspath
org.springframework:spring-beans:6.1.21=compileClasspath,implementationDependenciesMetadata,productionRuntimeClasspath,runtimeClasspath,testCompileClasspath,testImplementationDependenciesMetadata,testRuntimeClasspath
org.springframework:spring-context:6.1.21=compileClasspath,implementationDependenciesMetadata,productionRuntimeClasspath,runtimeClasspath,testCompileClasspath,testImplementationDependenciesMetadata,testRuntimeClasspath
org.springframework:spring-core:6.1.21=compileClasspath,implementationDependenciesMetadata,productionRuntimeClasspath,runtimeClasspath,testCompileClasspath,testImplementationDependenciesMetadata,testRuntimeClasspath
org.springframework:spring-expression:6.1.21=compileClasspath,implementationDependenciesMetadata,productionRuntimeClasspath,runtimeClasspath,testCompileClasspath,testImplementationDependenciesMetadata,testRuntimeClasspath
org.springframework:spring-jcl:6.1.21=compileClasspath,implementationDependenciesMetadata,productionRuntimeClasspath,runtimeClasspath,testCompileClasspath,testImplementationDependenciesMetadata,testRuntimeClasspath
org.yaml:snakeyaml:2.2=compileClasspath,implementationDependenciesMetadata,productionRuntimeClasspath,runtimeClasspath,testCompileClasspath,testImplementationDependenciesMetadata,testRuntimeClasspath
empty=annotationProcessor,compileOnlyDependenciesMetadata,developmentOnly,intransitiveDependenciesMetadata,kotlinCompilerPluginClasspath,kotlinNativeCompilerPluginClasspath,kotlinScriptDefExtensions,testAndDevelopmentOnly,testAnnotationProcessor,testApiDependenciesMetadata,testCompileOnlyDependenciesMetadata,testIntransitiveDependenciesMetadata,testKotlinScriptDefExtensions
